{
  "nodes": {
    "bytefmt": {
      "inputs": {
        "flake-utils": [
          "flake-utils"
        ],
        "nixpkgs": [
          "nixpkgs"
        ]
      },
      "locked": {
        "lastModified": 1653995706,
        "narHash": "sha256-PxT06x9xLBWDTyDL1Zvi9DX938tuBuG+oBPHJmj77PU=",
        "owner": "grumbel",
        "repo": "python-bytefmt",
        "rev": "c99cb1312b8f08b8cb4b5c48f5895123b99648b2",
        "type": "github"
      },
      "original": {
        "owner": "grumbel",
        "repo": "python-bytefmt",
        "type": "github"
      }
    },
    "flake-utils": {
      "locked": {
        "lastModified": 1656065134,
        "narHash": "sha256-oc6E6ByIw3oJaIyc67maaFcnjYOz1mMcOtHxbEf9NwQ=",
        "owner": "numtide",
        "repo": "flake-utils",
        "rev": "bee6a7250dd1b01844a2de7e02e4df7d8a0a206c",
        "type": "github"
      },
      "original": {
        "owner": "numtide",
        "repo": "flake-utils",
        "type": "github"
      }
    },
    "nixpkgs": {
      "locked": {
        "lastModified": 1656007306,
        "narHash": "sha256-MsC44YZ6wuBwn5Bu8T+RVoQWlp2l5BR6hhmNoAAHIEw=",
        "owner": "NixOS",
        "repo": "nixpkgs",
        "rev": "ccf8bdf72624521358be6bb7d9b524c4cbcf7aff",
        "type": "github"
      },
      "original": {
        "owner": "NixOS",
        "ref": "nixos-22.05",
        "repo": "nixpkgs",
        "type": "github"
      }
    },
    "root": {
      "inputs": {
        "bytefmt": "bytefmt",
        "flake-utils": "flake-utils",
        "nixpkgs": "nixpkgs"
      }
    }
  },
  "root": "root",
  "version": 7
}
