{
  "nodes": {
    "PyQt6-stubs_src": {
      "flake": false,
      "locked": {
        "lastModified": 1690114474,
        "narHash": "sha256-+3by+cAyf7oU5d+DSPCdEjmMagJsgUKY+gPFZJJc53k=",
        "owner": "python-qt-tools",
        "repo": "PyQt6-stubs",
        "rev": "86d119ed202c1f9f86923563c2754cf93c1ec303",
        "type": "github"
      },
      "original": {
        "owner": "python-qt-tools",
        "repo": "PyQt6-stubs",
        "type": "github"
      }
    },
    "bytefmt": {
      "inputs": {
        "flake-utils": [
          "flake-utils"
        ],
        "nixpkgs": [
          "nixpkgs"
        ]
      },
      "locked": {
        "lastModified": 1684090236,
        "narHash": "sha256-XC4ya/qFrSaj1xOl2+aE70kWK7w/0UaDt8Bd45htmBA=",
        "owner": "grumbel",
        "repo": "python-bytefmt",
        "rev": "d6c1115950bf70ca59b0d20d08e669dc056fe582",
        "type": "github"
      },
      "original": {
        "owner": "grumbel",
        "repo": "python-bytefmt",
        "type": "github"
      }
    },
    "flake-utils": {
      "inputs": {
        "systems": "systems"
      },
      "locked": {
        "lastModified": 1710146030,
        "narHash": "sha256-SZ5L6eA7HJ/nmkzGG7/ISclqe6oZdOZTNoesiInkXPQ=",
        "owner": "numtide",
        "repo": "flake-utils",
        "rev": "b1d9ab70662946ef0850d488da1c9019f3a9752a",
        "type": "github"
      },
      "original": {
        "owner": "numtide",
        "repo": "flake-utils",
        "type": "github"
      }
    },
    "nixpkgs": {
      "locked": {
        "lastModified": 1716542732,
        "narHash": "sha256-0Y9fRr0CUqWT4KgBITmaGwlnNIGMYuydu2L8iLTfHU4=",
        "owner": "NixOS",
        "repo": "nixpkgs",
        "rev": "d12251ef6e8e6a46e05689eeccd595bdbd3c9e60",
        "type": "github"
      },
      "original": {
        "owner": "NixOS",
        "ref": "nixos-24.05",
        "repo": "nixpkgs",
        "type": "github"
      }
    },
    "root": {
      "inputs": {
        "PyQt6-stubs_src": "PyQt6-stubs_src",
        "bytefmt": "bytefmt",
        "flake-utils": "flake-utils",
        "nixpkgs": "nixpkgs"
      }
    },
    "systems": {
      "locked": {
        "lastModified": 1681028828,
        "narHash": "sha256-Vy1rq5AaRuLzOxct8nz4T6wlgyUR7zLU309k9mBC768=",
        "owner": "nix-systems",
        "repo": "default",
        "rev": "da67096a3b9bf56a91d16901293e51ba5b49a27e",
        "type": "github"
      },
      "original": {
        "owner": "nix-systems",
        "repo": "default",
        "type": "github"
      }
    }
  },
  "root": "root",
  "version": 7
}
